
Microsoft Visual Studio Solution File, Format Version 12.00
# Visual Studio Version 16
VisualStudioVersion = 16.0.30114.105
MinimumVisualStudioVersion = 10.0.40219.1
Project("{FAE04EC0-301F-11D3-BF4B-00C04F79EFBC}") = "AmagnoVirtualPrinter.SetupDriver", "Installer\AmagnoVirtualPrinter.SetupDriver\AmagnoVirtualPrinter.SetupDriver.csproj", "{12402F90-A2AE-4549-9142-F90650E2082A}"
EndProject
Project("{FAE04EC0-301F-11D3-BF4B-00C04F79EFBC}") = "AmagnoVirtualPrinter.Agent.Service", "Agent\AmagnoVirtualPrinter.Agent.Service\AmagnoVirtualPrinter.Agent.Service.csproj", "{8C4F0640-4628-4CEA-8E31-143D68A3A70F}"
EndProject
Project("{FAE04EC0-301F-11D3-BF4B-00C04F79EFBC}") = "AmagnoVirtualPrinter.Delivery", "Agent\AmagnoVirtualPrinter.Delivery\AmagnoVirtualPrinter.Delivery.csproj", "{74FA80B3-7CF1-4B68-8AA3-4C3D37BBE855}"
EndProject
Project("{FAE04EC0-301F-11D3-BF4B-00C04F79EFBC}") = "AmagnoVirtualPrinter.Agent.Console", "Agent\AmagnoVirtualPrinter.Agent.Console\AmagnoVirtualPrinter.Agent.Console.csproj", "{3D3A379B-F9B8-466D-A04D-FD5EF948FF1C}"
EndProject
Project("{FAE04EC0-301F-11D3-BF4B-00C04F79EFBC}") = "AmagnoVirtualPrinter.Agent.Lib", "Common\AmagnoVirtualPrinter.Agent.Lib\AmagnoVirtualPrinter.Agent.Lib.csproj", "{94E8105F-5001-403B-B9F1-B0B0B236AD65}"
EndProject
Project("{FAE04EC0-301F-11D3-BF4B-00C04F79EFBC}") = "AmagnoVirtualPrinter.Agent.Autofac", "Common\AmagnoVirtualPrinter.Agent.Autofac\AmagnoVirtualPrinter.Agent.Autofac.csproj", "{1B2F0781-82D7-4576-B936-C6A26053D6ED}"
EndProject
Project("{2150E333-8FDC-42A3-9474-1A3956D46DE8}") = "Agent", "Agent", "{E801472E-AAD2-4255-AA2F-F48DC4445B0B}"
EndProject
Project("{FAE04EC0-301F-11D3-BF4B-00C04F79EFBC}") = "AmagnoVirtualPrinter.ProgressInfo", "UI\AmagnoVirtualPrinter.ProgressInfo\AmagnoVirtualPrinter.ProgressInfo.csproj", "{6579D542-EF21-4CF7-A9EC-7360ECEB3BBB}"
EndProject
Project("{2150E333-8FDC-42A3-9474-1A3956D46DE8}") = "UI", "UI", "{CE239FC1-5CD0-4F49-A7E3-28CFAD7A5DF4}"
EndProject
Project("{FAE04EC0-301F-11D3-BF4B-00C04F79EFBC}") = "AmagnoVirtualPrinter.ProgressInfo.Lib", "UI\AmagnoVirtualPrinter.ProgressInfo.Lib\AmagnoVirtualPrinter.ProgressInfo.Lib.csproj", "{D66F55E5-B3F7-4C61-A4F2-B55C4D412E01}"
EndProject
Project("{FAE04EC0-301F-11D3-BF4B-00C04F79EFBC}") = "AmagnoVirtualPrinter.ProgressInfo.Autofac", "UI\AmagnoVirtualPrinter.ProgressInfo.Autofac\AmagnoVirtualPrinter.ProgressInfo.Autofac.csproj", "{17E2CF8A-462C-4130-9FAF-F1CA5FC4E06D}"
EndProject
Project("{FAE04EC0-301F-11D3-BF4B-00C04F79EFBC}") = "AmagnoVirtualPrinter.ProgressInfo.Core", "UI\AmagnoVirtualPrinter.ProgressInfo.Core\AmagnoVirtualPrinter.ProgressInfo.Core.csproj", "{24D28558-C825-43E6-85D2-7C59F4A97698}"
EndProject
Project("{FAE04EC0-301F-11D3-BF4B-00C04F79EFBC}") = "AmagnoVirtualPrinter.Agent.Core", "Common\AmagnoVirtualPrinter.Agent.Core\AmagnoVirtualPrinter.Agent.Core.csproj", "{135C85EB-2116-4CC4-8CCB-B6804B9D6467}"
EndProject
Project("{FAE04EC0-301F-11D3-BF4B-00C04F79EFBC}") = "AmagnoVirtualPrinter.Utils", "Common\AmagnoVirtualPrinter.Utils\AmagnoVirtualPrinter.Utils.csproj", "{CD1C8E9D-5335-41AC-B0C0-88FD7C7C55F3}"
EndProject
Project("{FAE04EC0-301F-11D3-BF4B-00C04F79EFBC}") = "AmagnoVirtualPrinter.Logging", "Common\AmagnoVirtualPrinter.Logging\AmagnoVirtualPrinter.Logging.csproj", "{AA25364D-22D5-44B0-86A5-6FB14C686308}"
EndProject
Project("{FAE04EC0-301F-11D3-BF4B-00C04F79EFBC}") = "AmagnoVirtualPrinter.WixSharpInstaller", "Installer\AmagnoVirtualPrinter.WixSharpInstaller\AmagnoVirtualPrinter.WixSharpInstaller.csproj", "{A668846E-54C7-483D-9CF7-48F77EA398CA}"

EndProject
Project("{2150E333-8FDC-42A3-9474-1A3956D46DE8}") = "Installer", "Installer", "{5EE0067B-1ED5-44FB-941D-8F4B039FDD2E}"
EndProject
Project("{2150E333-8FDC-42A3-9474-1A3956D46DE8}") = "Common", "Common", "{95284260-12AD-4C69-BF4B-6B3A7BA5627C}"
EndProject
Global
	GlobalSection(SolutionConfigurationPlatforms) = preSolution
		Debug|Any CPU = Debug|Any CPU
		Debug|x64 = Debug|x64
		Debug|x86 = Debug|x86
		Release|Any CPU = Release|Any CPU
		Release|x64 = Release|x64
		Release|x86 = Release|x86
	EndGlobalSection
	GlobalSection(ProjectConfigurationPlatforms) = postSolution
		{12402F90-A2AE-4549-9142-F90650E2082A}.Debug|Any CPU.ActiveCfg = Debug|Any CPU
		{12402F90-A2AE-4549-9142-F90650E2082A}.Debug|Any CPU.Build.0 = Debug|Any CPU
		{12402F90-A2AE-4549-9142-F90650E2082A}.Debug|x64.ActiveCfg = Debug|Any CPU
		{12402F90-A2AE-4549-9142-F90650E2082A}.Debug|x64.Build.0 = Debug|Any CPU
		{12402F90-A2AE-4549-9142-F90650E2082A}.Debug|x86.ActiveCfg = Debug|Any CPU
		{12402F90-A2AE-4549-9142-F90650E2082A}.Debug|x86.Build.0 = Debug|Any CPU
		{12402F90-A2AE-4549-9142-F90650E2082A}.Release|Any CPU.ActiveCfg = Release|Any CPU
		{12402F90-A2AE-4549-9142-F90650E2082A}.Release|Any CPU.Build.0 = Release|Any CPU
		{12402F90-A2AE-4549-9142-F90650E2082A}.Release|x64.ActiveCfg = Release|Any CPU
		{12402F90-A2AE-4549-9142-F90650E2082A}.Release|x64.Build.0 = Release|Any CPU
		{12402F90-A2AE-4549-9142-F90650E2082A}.Release|x86.ActiveCfg = Release|Any CPU
		{12402F90-A2AE-4549-9142-F90650E2082A}.Release|x86.Build.0 = Release|Any CPU
		{8C4F0640-4628-4CEA-8E31-143D68A3A70F}.Debug|Any CPU.ActiveCfg = Debug|Any CPU
		{8C4F0640-4628-4CEA-8E31-143D68A3A70F}.Debug|Any CPU.Build.0 = Debug|Any CPU
		{8C4F0640-4628-4CEA-8E31-143D68A3A70F}.Debug|x64.ActiveCfg = Debug|Any CPU
		{8C4F0640-4628-4CEA-8E31-143D68A3A70F}.Debug|x64.Build.0 = Debug|Any CPU
		{8C4F0640-4628-4CEA-8E31-143D68A3A70F}.Debug|x86.ActiveCfg = Debug|Any CPU
		{8C4F0640-4628-4CEA-8E31-143D68A3A70F}.Debug|x86.Build.0 = Debug|Any CPU
		{8C4F0640-4628-4CEA-8E31-143D68A3A70F}.Release|Any CPU.ActiveCfg = Release|Any CPU
		{8C4F0640-4628-4CEA-8E31-143D68A3A70F}.Release|Any CPU.Build.0 = Release|Any CPU
		{8C4F0640-4628-4CEA-8E31-143D68A3A70F}.Release|x64.ActiveCfg = Release|Any CPU
		{8C4F0640-4628-4CEA-8E31-143D68A3A70F}.Release|x64.Build.0 = Release|Any CPU
		{8C4F0640-4628-4CEA-8E31-143D68A3A70F}.Release|x86.ActiveCfg = Release|Any CPU
		{8C4F0640-4628-4CEA-8E31-143D68A3A70F}.Release|x86.Build.0 = Release|Any CPU
		{1A8B9166-7396-44BE-B03A-778C750EA253}.Debug|Any CPU.ActiveCfg = Debug|Any CPU
		{1A8B9166-7396-44BE-B03A-778C750EA253}.Debug|Any CPU.Build.0 = Debug|Any CPU
		{1A8B9166-7396-44BE-B03A-778C750EA253}.Debug|x64.ActiveCfg = Debug|Any CPU
		{1A8B9166-7396-44BE-B03A-778C750EA253}.Debug|x64.Build.0 = Debug|Any CPU
		{1A8B9166-7396-44BE-B03A-778C750EA253}.Debug|x86.ActiveCfg = Debug|Any CPU
		{1A8B9166-7396-44BE-B03A-778C750EA253}.Debug|x86.Build.0 = Debug|Any CPU
		{1A8B9166-7396-44BE-B03A-778C750EA253}.Release|Any CPU.ActiveCfg = Release|Any CPU
		{1A8B9166-7396-44BE-B03A-778C750EA253}.Release|Any CPU.Build.0 = Release|Any CPU
		{1A8B9166-7396-44BE-B03A-778C750EA253}.Release|x64.ActiveCfg = Release|Any CPU
		{1A8B9166-7396-44BE-B03A-778C750EA253}.Release|x64.Build.0 = Release|Any CPU
		{1A8B9166-7396-44BE-B03A-778C750EA253}.Release|x86.ActiveCfg = Release|Any CPU
		{1A8B9166-7396-44BE-B03A-778C750EA253}.Release|x86.Build.0 = Release|Any CPU
		{74FA80B3-7CF1-4B68-8AA3-4C3D37BBE855}.Debug|Any CPU.ActiveCfg = Debug|Any CPU
		{74FA80B3-7CF1-4B68-8AA3-4C3D37BBE855}.Debug|Any CPU.Build.0 = Debug|Any CPU
		{74FA80B3-7CF1-4B68-8AA3-4C3D37BBE855}.Debug|x64.ActiveCfg = Debug|Any CPU
		{74FA80B3-7CF1-4B68-8AA3-4C3D37BBE855}.Debug|x64.Build.0 = Debug|Any CPU
		{74FA80B3-7CF1-4B68-8AA3-4C3D37BBE855}.Debug|x86.ActiveCfg = Debug|Any CPU
		{74FA80B3-7CF1-4B68-8AA3-4C3D37BBE855}.Debug|x86.Build.0 = Debug|Any CPU
		{74FA80B3-7CF1-4B68-8AA3-4C3D37BBE855}.Release|Any CPU.ActiveCfg = Release|Any CPU
		{74FA80B3-7CF1-4B68-8AA3-4C3D37BBE855}.Release|Any CPU.Build.0 = Release|Any CPU
		{74FA80B3-7CF1-4B68-8AA3-4C3D37BBE855}.Release|x64.ActiveCfg = Release|Any CPU
		{74FA80B3-7CF1-4B68-8AA3-4C3D37BBE855}.Release|x64.Build.0 = Release|Any CPU
		{74FA80B3-7CF1-4B68-8AA3-4C3D37BBE855}.Release|x86.ActiveCfg = Release|Any CPU
		{74FA80B3-7CF1-4B68-8AA3-4C3D37BBE855}.Release|x86.Build.0 = Release|Any CPU
		{3D3A379B-F9B8-466D-A04D-FD5EF948FF1C}.Debug|Any CPU.ActiveCfg = Debug|Any CPU
		{3D3A379B-F9B8-466D-A04D-FD5EF948FF1C}.Debug|Any CPU.Build.0 = Debug|Any CPU
		{3D3A379B-F9B8-466D-A04D-FD5EF948FF1C}.Debug|x64.ActiveCfg = Debug|Any CPU
		{3D3A379B-F9B8-466D-A04D-FD5EF948FF1C}.Debug|x64.Build.0 = Debug|Any CPU
		{3D3A379B-F9B8-466D-A04D-FD5EF948FF1C}.Debug|x86.ActiveCfg = Debug|Any CPU
		{3D3A379B-F9B8-466D-A04D-FD5EF948FF1C}.Debug|x86.Build.0 = Debug|Any CPU
		{3D3A379B-F9B8-466D-A04D-FD5EF948FF1C}.Release|Any CPU.ActiveCfg = Release|Any CPU
		{3D3A379B-F9B8-466D-A04D-FD5EF948FF1C}.Release|Any CPU.Build.0 = Release|Any CPU
		{3D3A379B-F9B8-466D-A04D-FD5EF948FF1C}.Release|x64.ActiveCfg = Release|Any CPU
		{3D3A379B-F9B8-466D-A04D-FD5EF948FF1C}.Release|x64.Build.0 = Release|Any CPU
		{3D3A379B-F9B8-466D-A04D-FD5EF948FF1C}.Release|x86.ActiveCfg = Release|Any CPU
		{3D3A379B-F9B8-466D-A04D-FD5EF948FF1C}.Release|x86.Build.0 = Release|Any CPU
		{94E8105F-5001-403B-B9F1-B0B0B236AD65}.Debug|Any CPU.ActiveCfg = Debug|Any CPU
		{94E8105F-5001-403B-B9F1-B0B0B236AD65}.Debug|Any CPU.Build.0 = Debug|Any CPU
		{94E8105F-5001-403B-B9F1-B0B0B236AD65}.Debug|x64.ActiveCfg = Debug|Any CPU
		{94E8105F-5001-403B-B9F1-B0B0B236AD65}.Debug|x64.Build.0 = Debug|Any CPU
		{94E8105F-5001-403B-B9F1-B0B0B236AD65}.Debug|x86.ActiveCfg = Debug|Any CPU
		{94E8105F-5001-403B-B9F1-B0B0B236AD65}.Debug|x86.Build.0 = Debug|Any CPU
		{94E8105F-5001-403B-B9F1-B0B0B236AD65}.Release|Any CPU.ActiveCfg = Release|Any CPU
		{94E8105F-5001-403B-B9F1-B0B0B236AD65}.Release|Any CPU.Build.0 = Release|Any CPU
		{94E8105F-5001-403B-B9F1-B0B0B236AD65}.Release|x64.ActiveCfg = Release|Any CPU
		{94E8105F-5001-403B-B9F1-B0B0B236AD65}.Release|x64.Build.0 = Release|Any CPU
		{94E8105F-5001-403B-B9F1-B0B0B236AD65}.Release|x86.ActiveCfg = Release|Any CPU
		{94E8105F-5001-403B-B9F1-B0B0B236AD65}.Release|x86.Build.0 = Release|Any CPU
		{1B2F0781-82D7-4576-B936-C6A26053D6ED}.Debug|Any CPU.ActiveCfg = Debug|Any CPU
		{1B2F0781-82D7-4576-B936-C6A26053D6ED}.Debug|Any CPU.Build.0 = Debug|Any CPU
		{1B2F0781-82D7-4576-B936-C6A26053D6ED}.Debug|x64.ActiveCfg = Debug|Any CPU
		{1B2F0781-82D7-4576-B936-C6A26053D6ED}.Debug|x64.Build.0 = Debug|Any CPU
		{1B2F0781-82D7-4576-B936-C6A26053D6ED}.Debug|x86.ActiveCfg = Debug|Any CPU
		{1B2F0781-82D7-4576-B936-C6A26053D6ED}.Debug|x86.Build.0 = Debug|Any CPU
		{1B2F0781-82D7-4576-B936-C6A26053D6ED}.Release|Any CPU.ActiveCfg = Release|Any CPU
		{1B2F0781-82D7-4576-B936-C6A26053D6ED}.Release|Any CPU.Build.0 = Release|Any CPU
		{1B2F0781-82D7-4576-B936-C6A26053D6ED}.Release|x64.ActiveCfg = Release|Any CPU
		{1B2F0781-82D7-4576-B936-C6A26053D6ED}.Release|x64.Build.0 = Release|Any CPU
		{1B2F0781-82D7-4576-B936-C6A26053D6ED}.Release|x86.ActiveCfg = Release|Any CPU
		{1B2F0781-82D7-4576-B936-C6A26053D6ED}.Release|x86.Build.0 = Release|Any CPU
		{6579D542-EF21-4CF7-A9EC-7360ECEB3BBB}.Debug|Any CPU.ActiveCfg = Debug|Any CPU
		{6579D542-EF21-4CF7-A9EC-7360ECEB3BBB}.Debug|Any CPU.Build.0 = Debug|Any CPU
		{6579D542-EF21-4CF7-A9EC-7360ECEB3BBB}.Debug|x64.ActiveCfg = Debug|Any CPU
		{6579D542-EF21-4CF7-A9EC-7360ECEB3BBB}.Debug|x64.Build.0 = Debug|Any CPU
		{6579D542-EF21-4CF7-A9EC-7360ECEB3BBB}.Debug|x86.ActiveCfg = Debug|Any CPU
		{6579D542-EF21-4CF7-A9EC-7360ECEB3BBB}.Debug|x86.Build.0 = Debug|Any CPU
		{6579D542-EF21-4CF7-A9EC-7360ECEB3BBB}.Release|Any CPU.ActiveCfg = Release|Any CPU
		{6579D542-EF21-4CF7-A9EC-7360ECEB3BBB}.Release|Any CPU.Build.0 = Release|Any CPU
		{6579D542-EF21-4CF7-A9EC-7360ECEB3BBB}.Release|x64.ActiveCfg = Release|Any CPU
		{6579D542-EF21-4CF7-A9EC-7360ECEB3BBB}.Release|x64.Build.0 = Release|Any CPU
		{6579D542-EF21-4CF7-A9EC-7360ECEB3BBB}.Release|x86.ActiveCfg = Release|Any CPU
		{6579D542-EF21-4CF7-A9EC-7360ECEB3BBB}.Release|x86.Build.0 = Release|Any CPU
		{D66F55E5-B3F7-4C61-A4F2-B55C4D412E01}.Debug|Any CPU.ActiveCfg = Debug|Any CPU
		{D66F55E5-B3F7-4C61-A4F2-B55C4D412E01}.Debug|Any CPU.Build.0 = Debug|Any CPU
		{D66F55E5-B3F7-4C61-A4F2-B55C4D412E01}.Debug|x64.ActiveCfg = Debug|Any CPU
		{D66F55E5-B3F7-4C61-A4F2-B55C4D412E01}.Debug|x64.Build.0 = Debug|Any CPU
		{D66F55E5-B3F7-4C61-A4F2-B55C4D412E01}.Debug|x86.ActiveCfg = Debug|Any CPU
		{D66F55E5-B3F7-4C61-A4F2-B55C4D412E01}.Debug|x86.Build.0 = Debug|Any CPU
		{D66F55E5-B3F7-4C61-A4F2-B55C4D412E01}.Release|Any CPU.ActiveCfg = Release|Any CPU
		{D66F55E5-B3F7-4C61-A4F2-B55C4D412E01}.Release|Any CPU.Build.0 = Release|Any CPU
		{D66F55E5-B3F7-4C61-A4F2-B55C4D412E01}.Release|x64.ActiveCfg = Release|Any CPU
		{D66F55E5-B3F7-4C61-A4F2-B55C4D412E01}.Release|x64.Build.0 = Release|Any CPU
		{D66F55E5-B3F7-4C61-A4F2-B55C4D412E01}.Release|x86.ActiveCfg = Release|Any CPU
		{D66F55E5-B3F7-4C61-A4F2-B55C4D412E01}.Release|x86.Build.0 = Release|Any CPU
		{17E2CF8A-462C-4130-9FAF-F1CA5FC4E06D}.Debug|Any CPU.ActiveCfg = Debug|Any CPU
		{17E2CF8A-462C-4130-9FAF-F1CA5FC4E06D}.Debug|Any CPU.Build.0 = Debug|Any CPU
		{17E2CF8A-462C-4130-9FAF-F1CA5FC4E06D}.Debug|x64.ActiveCfg = Debug|Any CPU
		{17E2CF8A-462C-4130-9FAF-F1CA5FC4E06D}.Debug|x64.Build.0 = Debug|Any CPU
		{17E2CF8A-462C-4130-9FAF-F1CA5FC4E06D}.Debug|x86.ActiveCfg = Debug|Any CPU
		{17E2CF8A-462C-4130-9FAF-F1CA5FC4E06D}.Debug|x86.Build.0 = Debug|Any CPU
		{17E2CF8A-462C-4130-9FAF-F1CA5FC4E06D}.Release|Any CPU.ActiveCfg = Release|Any CPU
		{17E2CF8A-462C-4130-9FAF-F1CA5FC4E06D}.Release|Any CPU.Build.0 = Release|Any CPU
		{17E2CF8A-462C-4130-9FAF-F1CA5FC4E06D}.Release|x64.ActiveCfg = Release|Any CPU
		{17E2CF8A-462C-4130-9FAF-F1CA5FC4E06D}.Release|x64.Build.0 = Release|Any CPU
		{17E2CF8A-462C-4130-9FAF-F1CA5FC4E06D}.Release|x86.ActiveCfg = Release|Any CPU
		{17E2CF8A-462C-4130-9FAF-F1CA5FC4E06D}.Release|x86.Build.0 = Release|Any CPU
		{24D28558-C825-43E6-85D2-7C59F4A97698}.Debug|Any CPU.ActiveCfg = Debug|Any CPU
		{24D28558-C825-43E6-85D2-7C59F4A97698}.Debug|Any CPU.Build.0 = Debug|Any CPU
		{24D28558-C825-43E6-85D2-7C59F4A97698}.Debug|x64.ActiveCfg = Debug|Any CPU
		{24D28558-C825-43E6-85D2-7C59F4A97698}.Debug|x64.Build.0 = Debug|Any CPU
		{24D28558-C825-43E6-85D2-7C59F4A97698}.Debug|x86.ActiveCfg = Debug|Any CPU
		{24D28558-C825-43E6-85D2-7C59F4A97698}.Debug|x86.Build.0 = Debug|Any CPU
		{24D28558-C825-43E6-85D2-7C59F4A97698}.Release|Any CPU.ActiveCfg = Release|Any CPU
		{24D28558-C825-43E6-85D2-7C59F4A97698}.Release|Any CPU.Build.0 = Release|Any CPU
		{24D28558-C825-43E6-85D2-7C59F4A97698}.Release|x64.ActiveCfg = Release|Any CPU
		{24D28558-C825-43E6-85D2-7C59F4A97698}.Release|x64.Build.0 = Release|Any CPU
		{24D28558-C825-43E6-85D2-7C59F4A97698}.Release|x86.ActiveCfg = Release|Any CPU
		{24D28558-C825-43E6-85D2-7C59F4A97698}.Release|x86.Build.0 = Release|Any CPU
		{135C85EB-2116-4CC4-8CCB-B6804B9D6467}.Debug|Any CPU.ActiveCfg = Debug|Any CPU
		{135C85EB-2116-4CC4-8CCB-B6804B9D6467}.Debug|Any CPU.Build.0 = Debug|Any CPU
		{135C85EB-2116-4CC4-8CCB-B6804B9D6467}.Debug|x64.ActiveCfg = Debug|Any CPU
		{135C85EB-2116-4CC4-8CCB-B6804B9D6467}.Debug|x64.Build.0 = Debug|Any CPU
		{135C85EB-2116-4CC4-8CCB-B6804B9D6467}.Debug|x86.ActiveCfg = Debug|Any CPU
		{135C85EB-2116-4CC4-8CCB-B6804B9D6467}.Debug|x86.Build.0 = Debug|Any CPU
		{135C85EB-2116-4CC4-8CCB-B6804B9D6467}.Release|Any CPU.ActiveCfg = Release|Any CPU
		{135C85EB-2116-4CC4-8CCB-B6804B9D6467}.Release|Any CPU.Build.0 = Release|Any CPU
		{135C85EB-2116-4CC4-8CCB-B6804B9D6467}.Release|x64.ActiveCfg = Release|Any CPU
		{135C85EB-2116-4CC4-8CCB-B6804B9D6467}.Release|x64.Build.0 = Release|Any CPU
		{135C85EB-2116-4CC4-8CCB-B6804B9D6467}.Release|x86.ActiveCfg = Release|Any CPU
		{135C85EB-2116-4CC4-8CCB-B6804B9D6467}.Release|x86.Build.0 = Release|Any CPU
		{2524D86F-9B55-4140-B932-00F8A1461704}.Debug|Any CPU.ActiveCfg = Debug|Any CPU
		{2524D86F-9B55-4140-B932-00F8A1461704}.Debug|Any CPU.Build.0 = Debug|Any CPU
		{2524D86F-9B55-4140-B932-00F8A1461704}.Debug|x64.ActiveCfg = Debug|Any CPU
		{2524D86F-9B55-4140-B932-00F8A1461704}.Debug|x64.Build.0 = Debug|Any CPU
		{2524D86F-9B55-4140-B932-00F8A1461704}.Debug|x86.ActiveCfg = Debug|Any CPU
		{2524D86F-9B55-4140-B932-00F8A1461704}.Debug|x86.Build.0 = Debug|Any CPU
		{2524D86F-9B55-4140-B932-00F8A1461704}.Release|Any CPU.ActiveCfg = Release|Any CPU
		{2524D86F-9B55-4140-B932-00F8A1461704}.Release|Any CPU.Build.0 = Release|Any CPU
		{2524D86F-9B55-4140-B932-00F8A1461704}.Release|x64.ActiveCfg = Release|Any CPU
		{2524D86F-9B55-4140-B932-00F8A1461704}.Release|x64.Build.0 = Release|Any CPU
		{2524D86F-9B55-4140-B932-00F8A1461704}.Release|x86.ActiveCfg = Release|Any CPU
		{2524D86F-9B55-4140-B932-00F8A1461704}.Release|x86.Build.0 = Release|Any CPU
		{A668846E-54C7-483D-9CF7-48F77EA398CA}.Debug|Any CPU.ActiveCfg = Debug|Any CPU
		{A668846E-54C7-483D-9CF7-48F77EA398CA}.Debug|Any CPU.Build.0 = Debug|Any CPU
		{A668846E-54C7-483D-9CF7-48F77EA398CA}.Debug|x64.ActiveCfg = Debug|Any CPU
		{A668846E-54C7-483D-9CF7-48F77EA398CA}.Debug|x64.Build.0 = Debug|Any CPU
		{A668846E-54C7-483D-9CF7-48F77EA398CA}.Debug|x86.ActiveCfg = Debug|Any CPU
		{A668846E-54C7-483D-9CF7-48F77EA398CA}.Debug|x86.Build.0 = Debug|Any CPU
		{A668846E-54C7-483D-9CF7-48F77EA398CA}.Release|Any CPU.ActiveCfg = Release|Any CPU
		{A668846E-54C7-483D-9CF7-48F77EA398CA}.Release|Any CPU.Build.0 = Release|Any CPU
		{A668846E-54C7-483D-9CF7-48F77EA398CA}.Release|x64.ActiveCfg = Release|Any CPU
		{A668846E-54C7-483D-9CF7-48F77EA398CA}.Release|x64.Build.0 = Release|Any CPU
		{A668846E-54C7-483D-9CF7-48F77EA398CA}.Release|x86.ActiveCfg = Release|Any CPU
		{A668846E-54C7-483D-9CF7-48F77EA398CA}.Release|x86.Build.0 = Release|Any CPU
		{AA25364D-22D5-44B0-86A5-6FB14C686308}.Debug|Any CPU.ActiveCfg = Debug|Any CPU
		{AA25364D-22D5-44B0-86A5-6FB14C686308}.Debug|Any CPU.Build.0 = Debug|Any CPU
		{AA25364D-22D5-44B0-86A5-6FB14C686308}.Debug|x64.ActiveCfg = Debug|Any CPU
		{AA25364D-22D5-44B0-86A5-6FB14C686308}.Debug|x64.Build.0 = Debug|Any CPU
		{AA25364D-22D5-44B0-86A5-6FB14C686308}.Debug|x86.ActiveCfg = Debug|Any CPU
		{AA25364D-22D5-44B0-86A5-6FB14C686308}.Debug|x86.Build.0 = Debug|Any CPU
		{AA25364D-22D5-44B0-86A5-6FB14C686308}.Release|Any CPU.ActiveCfg = Release|Any CPU
		{AA25364D-22D5-44B0-86A5-6FB14C686308}.Release|Any CPU.Build.0 = Release|Any CPU
		{AA25364D-22D5-44B0-86A5-6FB14C686308}.Release|x64.ActiveCfg = Release|Any CPU
		{AA25364D-22D5-44B0-86A5-6FB14C686308}.Release|x64.Build.0 = Release|Any CPU
		{AA25364D-22D5-44B0-86A5-6FB14C686308}.Release|x86.ActiveCfg = Release|Any CPU
		{AA25364D-22D5-44B0-86A5-6FB14C686308}.Release|x86.Build.0 = Release|Any CPU
		{CD1C8E9D-5335-41AC-B0C0-88FD7C7C55F3}.Debug|Any CPU.ActiveCfg = Debug|Any CPU
		{CD1C8E9D-5335-41AC-B0C0-88FD7C7C55F3}.Debug|Any CPU.Build.0 = Debug|Any CPU
		{CD1C8E9D-5335-41AC-B0C0-88FD7C7C55F3}.Debug|x64.ActiveCfg = Debug|Any CPU
		{CD1C8E9D-5335-41AC-B0C0-88FD7C7C55F3}.Debug|x64.Build.0 = Debug|Any CPU
		{CD1C8E9D-5335-41AC-B0C0-88FD7C7C55F3}.Debug|x86.ActiveCfg = Debug|Any CPU
		{CD1C8E9D-5335-41AC-B0C0-88FD7C7C55F3}.Debug|x86.Build.0 = Debug|Any CPU
		{CD1C8E9D-5335-41AC-B0C0-88FD7C7C55F3}.Release|Any CPU.ActiveCfg = Release|Any CPU
		{CD1C8E9D-5335-41AC-B0C0-88FD7C7C55F3}.Release|Any CPU.Build.0 = Release|Any CPU
		{CD1C8E9D-5335-41AC-B0C0-88FD7C7C55F3}.Release|x64.ActiveCfg = Release|Any CPU
		{CD1C8E9D-5335-41AC-B0C0-88FD7C7C55F3}.Release|x64.Build.0 = Release|Any CPU
		{CD1C8E9D-5335-41AC-B0C0-88FD7C7C55F3}.Release|x86.ActiveCfg = Release|Any CPU
		{CD1C8E9D-5335-41AC-B0C0-88FD7C7C55F3}.Release|x86.Build.0 = Release|Any CPU
		{3728EEF1-DEBF-4113-8310-301B0908D387}.Debug|Any CPU.ActiveCfg = Debug|Any CPU
		{3728EEF1-DEBF-4113-8310-301B0908D387}.Debug|Any CPU.Build.0 = Debug|Any CPU
		{3728EEF1-DEBF-4113-8310-301B0908D387}.Debug|x64.ActiveCfg = Debug|Any CPU
		{3728EEF1-DEBF-4113-8310-301B0908D387}.Debug|x64.Build.0 = Debug|Any CPU
		{3728EEF1-DEBF-4113-8310-301B0908D387}.Debug|x86.ActiveCfg = Debug|Any CPU
		{3728EEF1-DEBF-4113-8310-301B0908D387}.Debug|x86.Build.0 = Debug|Any CPU
		{3728EEF1-DEBF-4113-8310-301B0908D387}.Release|Any CPU.ActiveCfg = Release|Any CPU
		{3728EEF1-DEBF-4113-8310-301B0908D387}.Release|Any CPU.Build.0 = Release|Any CPU
		{3728EEF1-DEBF-4113-8310-301B0908D387}.Release|x64.ActiveCfg = Release|Any CPU
		{3728EEF1-DEBF-4113-8310-301B0908D387}.Release|x64.Build.0 = Release|Any CPU
		{3728EEF1-DEBF-4113-8310-301B0908D387}.Release|x86.ActiveCfg = Release|Any CPU
		{3728EEF1-DEBF-4113-8310-301B0908D387}.Release|x86.Build.0 = Release|Any CPU
		{1F6351AC-7885-4BEF-A309-3B39DAB59ABE}.Debug|Any CPU.ActiveCfg = Debug|Any CPU
		{1F6351AC-7885-4BEF-A309-3B39DAB59ABE}.Debug|Any CPU.Build.0 = Debug|Any CPU
		{1F6351AC-7885-4BEF-A309-3B39DAB59ABE}.Debug|x64.ActiveCfg = Debug|Any CPU
		{1F6351AC-7885-4BEF-A309-3B39DAB59ABE}.Debug|x64.Build.0 = Debug|Any CPU
		{1F6351AC-7885-4BEF-A309-3B39DAB59ABE}.Debug|x86.ActiveCfg = Debug|Any CPU
		{1F6351AC-7885-4BEF-A309-3B39DAB59ABE}.Debug|x86.Build.0 = Debug|Any CPU
		{1F6351AC-7885-4BEF-A309-3B39DAB59ABE}.Release|Any CPU.ActiveCfg = Release|Any CPU
		{1F6351AC-7885-4BEF-A309-3B39DAB59ABE}.Release|Any CPU.Build.0 = Release|Any CPU
		{1F6351AC-7885-4BEF-A309-3B39DAB59ABE}.Release|x64.ActiveCfg = Release|Any CPU
		{1F6351AC-7885-4BEF-A309-3B39DAB59ABE}.Release|x64.Build.0 = Release|Any CPU
		{1F6351AC-7885-4BEF-A309-3B39DAB59ABE}.Release|x86.ActiveCfg = Release|Any CPU
		{1F6351AC-7885-4BEF-A309-3B39DAB59ABE}.Release|x86.Build.0 = Release|Any CPU
	EndGlobalSection
	GlobalSection(SolutionProperties) = preSolution
		HideSolutionNode = FALSE
	EndGlobalSection
	GlobalSection(NestedProjects) = preSolution
		{12402F90-A2AE-4549-9142-F90650E2082A} = {5EE0067B-1ED5-44FB-941D-8F4B039FDD2E}
		{8C4F0640-4628-4CEA-8E31-143D68A3A70F} = {E801472E-AAD2-4255-AA2F-F48DC4445B0B}
		{1A8B9166-7396-44BE-B03A-778C750EA253} = {1937EF74-F321-49FC-B37F-0E09DDECE94B}
		{74FA80B3-7CF1-4B68-8AA3-4C3D37BBE855} = {E801472E-AAD2-4255-AA2F-F48DC4445B0B}
		{3D3A379B-F9B8-466D-A04D-FD5EF948FF1C} = {E801472E-AAD2-4255-AA2F-F48DC4445B0B}
		{94E8105F-5001-403B-B9F1-B0B0B236AD65} = {95284260-12AD-4C69-BF4B-6B3A7BA5627C}
		{1B2F0781-82D7-4576-B936-C6A26053D6ED} = {95284260-12AD-4C69-BF4B-6B3A7BA5627C}
		{6579D542-EF21-4CF7-A9EC-7360ECEB3BBB} = {CE239FC1-5CD0-4F49-A7E3-28CFAD7A5DF4}
		{D66F55E5-B3F7-4C61-A4F2-B55C4D412E01} = {CE239FC1-5CD0-4F49-A7E3-28CFAD7A5DF4}
		{17E2CF8A-462C-4130-9FAF-F1CA5FC4E06D} = {CE239FC1-5CD0-4F49-A7E3-28CFAD7A5DF4}
		{24D28558-C825-43E6-85D2-7C59F4A97698} = {CE239FC1-5CD0-4F49-A7E3-28CFAD7A5DF4}
		{135C85EB-2116-4CC4-8CCB-B6804B9D6467} = {95284260-12AD-4C69-BF4B-6B3A7BA5627C}
		{2524D86F-9B55-4140-B932-00F8A1461704} = {1937EF74-F321-49FC-B37F-0E09DDECE94B}
		{A668846E-54C7-483D-9CF7-48F77EA398CA} = {5EE0067B-1ED5-44FB-941D-8F4B039FDD2E}
		{AA25364D-22D5-44B0-86A5-6FB14C686308} = {95284260-12AD-4C69-BF4B-6B3A7BA5627C}
		{CD1C8E9D-5335-41AC-B0C0-88FD7C7C55F3} = {95284260-12AD-4C69-BF4B-6B3A7BA5627C}
		{3728EEF1-DEBF-4113-8310-301B0908D387} = {1937EF74-F321-49FC-B37F-0E09DDECE94B}
		{1F6351AC-7885-4BEF-A309-3B39DAB59ABE} = {1937EF74-F321-49FC-B37F-0E09DDECE94B}
	EndGlobalSection
	GlobalSection(ExtensibilityGlobals) = postSolution
		SolutionGuid = {52642DB4-40BC-4C37-880C-73F24AE287ED}
	EndGlobalSection
EndGlobal
